
Microsoft Visual Studio Solution File, Format Version 12.00
# Visual Studio 14
VisualStudioVersion = 14.0.25420.1
MinimumVisualStudioVersion = 10.0.40219.1
Project("{FAE04EC0-301F-11D3-BF4B-00C04F79EFBC}") = "Fundamentals", "Fundamentals\Fundamentals.csproj", "{5DA27323-ACC9-4971-9799-E7E5E8BDAD45}"
EndProject
Project("{2150E333-8FDC-42A3-9474-1A3956D46DE8}") = "Solution Items", "Solution Items", "{204918A6-7E0B-4E41-9168-D764F2D43710}"
	ProjectSection(SolutionItems) = preProject
		Fundamentals\Program.cs = Fundamentals\Program.cs
	EndProjectSection
EndProject
Project("{FAE04EC0-301F-11D3-BF4B-00C04F79EFBC}") = "ProjectA.TeamA", "ProjectA.TeamA\ProjectA.TeamA.csproj", "{196283E8-D2A2-4E63-83F3-8531EEFE32B7}"
EndProject
Project("{FAE04EC0-301F-11D3-BF4B-00C04F79EFBC}") = "ProjectA.TeamB", "ProjectA.TeamB\ProjectA.TeamB.csproj", "{55496629-0FB6-4EE0-AC57-13C770C16D62}"
EndProject
Project("{FAE04EC0-301F-11D3-BF4B-00C04F79EFBC}") = "OOPS", "OOPS\OOPS.csproj", "{B819A40D-D0D7-43AD-876C-4B17D9B75247}"
EndProject
Project("{FAE04EC0-301F-11D3-BF4B-00C04F79EFBC}") = "OOPS1", "ConsoleApplication1\OOPS1.csproj", "{39EBD591-99C0-43B4-A6DB-EA41C0B70ECF}"
EndProject
Project("{FAE04EC0-301F-11D3-BF4B-00C04F79EFBC}") = "ExceptionHandling", "ExceptionHandling\ExceptionHandling.csproj", "{E664D784-8E04-4CB8-A7A1-A728012822F5}"
EndProject
Project("{FAE04EC0-301F-11D3-BF4B-00C04F79EFBC}") = "Enums", "Enums\Enums.csproj", "{2AA3E9AB-BDB0-4A91-BD18-E996A9EB113C}"
EndProject
Project("{FAE04EC0-301F-11D3-BF4B-00C04F79EFBC}") = "ReflectionsDemo", "ReflectionsDemo\ReflectionsDemo.csproj", "{616BC204-EFDE-4F4D-94A8-39E4945D0351}"
EndProject
Global
	GlobalSection(SolutionConfigurationPlatforms) = preSolution
		Debug|Any CPU = Debug|Any CPU
		Release|Any CPU = Release|Any CPU
	EndGlobalSection
	GlobalSection(ProjectConfigurationPlatforms) = postSolution
		{5DA27323-ACC9-4971-9799-E7E5E8BDAD45}.Debug|Any CPU.ActiveCfg = Debug|Any CPU
		{5DA27323-ACC9-4971-9799-E7E5E8BDAD45}.Debug|Any CPU.Build.0 = Debug|Any CPU
		{5DA27323-ACC9-4971-9799-E7E5E8BDAD45}.Release|Any CPU.ActiveCfg = Release|Any CPU
		{5DA27323-ACC9-4971-9799-E7E5E8BDAD45}.Release|Any CPU.Build.0 = Release|Any CPU
		{196283E8-D2A2-4E63-83F3-8531EEFE32B7}.Debug|Any CPU.ActiveCfg = Debug|Any CPU
		{196283E8-D2A2-4E63-83F3-8531EEFE32B7}.Debug|Any CPU.Build.0 = Debug|Any CPU
		{196283E8-D2A2-4E63-83F3-8531EEFE32B7}.Release|Any CPU.ActiveCfg = Release|Any CPU
		{196283E8-D2A2-4E63-83F3-8531EEFE32B7}.Release|Any CPU.Build.0 = Release|Any CPU
		{55496629-0FB6-4EE0-AC57-13C770C16D62}.Debug|Any CPU.ActiveCfg = Debug|Any CPU
		{55496629-0FB6-4EE0-AC57-13C770C16D62}.Debug|Any CPU.Build.0 = Debug|Any CPU
		{55496629-0FB6-4EE0-AC57-13C770C16D62}.Release|Any CPU.ActiveCfg = Release|Any CPU
		{55496629-0FB6-4EE0-AC57-13C770C16D62}.Release|Any CPU.Build.0 = Release|Any CPU
		{B819A40D-D0D7-43AD-876C-4B17D9B75247}.Debug|Any CPU.ActiveCfg = Debug|Any CPU
		{B819A40D-D0D7-43AD-876C-4B17D9B75247}.Debug|Any CPU.Build.0 = Debug|Any CPU
		{B819A40D-D0D7-43AD-876C-4B17D9B75247}.Release|Any CPU.ActiveCfg = Release|Any CPU
		{B819A40D-D0D7-43AD-876C-4B17D9B75247}.Release|Any CPU.Build.0 = Release|Any CPU
		{39EBD591-99C0-43B4-A6DB-EA41C0B70ECF}.Debug|Any CPU.ActiveCfg = Debug|Any CPU
		{39EBD591-99C0-43B4-A6DB-EA41C0B70ECF}.Debug|Any CPU.Build.0 = Debug|Any CPU
		{39EBD591-99C0-43B4-A6DB-EA41C0B70ECF}.Release|Any CPU.ActiveCfg = Release|Any CPU
		{39EBD591-99C0-43B4-A6DB-EA41C0B70ECF}.Release|Any CPU.Build.0 = Release|Any CPU
		{E664D784-8E04-4CB8-A7A1-A728012822F5}.Debug|Any CPU.ActiveCfg = Debug|Any CPU
		{E664D784-8E04-4CB8-A7A1-A728012822F5}.Debug|Any CPU.Build.0 = Debug|Any CPU
		{E664D784-8E04-4CB8-A7A1-A728012822F5}.Release|Any CPU.ActiveCfg = Release|Any CPU
		{E664D784-8E04-4CB8-A7A1-A728012822F5}.Release|Any CPU.Build.0 = Release|Any CPU
		{2AA3E9AB-BDB0-4A91-BD18-E996A9EB113C}.Debug|Any CPU.ActiveCfg = Debug|Any CPU
		{2AA3E9AB-BDB0-4A91-BD18-E996A9EB113C}.Debug|Any CPU.Build.0 = Debug|Any CPU
		{2AA3E9AB-BDB0-4A91-BD18-E996A9EB113C}.Release|Any CPU.ActiveCfg = Release|Any CPU
		{2AA3E9AB-BDB0-4A91-BD18-E996A9EB113C}.Release|Any CPU.Build.0 = Release|Any CPU
		{616BC204-EFDE-4F4D-94A8-39E4945D0351}.Debug|Any CPU.ActiveCfg = Debug|Any CPU
		{616BC204-EFDE-4F4D-94A8-39E4945D0351}.Debug|Any CPU.Build.0 = Debug|Any CPU
		{616BC204-EFDE-4F4D-94A8-39E4945D0351}.Release|Any CPU.ActiveCfg = Release|Any CPU
		{616BC204-EFDE-4F4D-94A8-39E4945D0351}.Release|Any CPU.Build.0 = Release|Any CPU
	EndGlobalSection
	GlobalSection(SolutionProperties) = preSolution
		HideSolutionNode = FALSE
	EndGlobalSection
EndGlobal
